// !$*UTF8*$!
{
	archiveVersion = 1;
	classes = {
	};
	objectVersion = 50;
	objects = {

/* Begin PBXBuildFile section */
		DF1016F721342E190067C91B /* LibraryMS.xcdatamodeld in Sources */ = {isa = PBXBuildFile; fileRef = DF1016F521342E190067C91B /* LibraryMS.xcdatamodeld */; };
		DF2A35DE2133203400F91922 /* AppDelegate.swift in Sources */ = {isa = PBXBuildFile; fileRef = DF2A35DD2133203400F91922 /* AppDelegate.swift */; };
		DF2A35E02133203400F91922 /* ViewController.swift in Sources */ = {isa = PBXBuildFile; fileRef = DF2A35DF2133203400F91922 /* ViewController.swift */; };
		DF2A35E32133203400F91922 /* Main.storyboard in Resources */ = {isa = PBXBuildFile; fileRef = DF2A35E12133203400F91922 /* Main.storyboard */; };
		DF2A35E82133203800F91922 /* Assets.xcassets in Resources */ = {isa = PBXBuildFile; fileRef = DF2A35E72133203800F91922 /* Assets.xcassets */; };
		DF2A35EB2133203800F91922 /* LaunchScreen.storyboard in Resources */ = {isa = PBXBuildFile; fileRef = DF2A35E92133203800F91922 /* LaunchScreen.storyboard */; };
		DF2A35F62133203800F91922 /* LibraryMSTests.swift in Sources */ = {isa = PBXBuildFile; fileRef = DF2A35F52133203800F91922 /* LibraryMSTests.swift */; };
		DF2A3601213320C500F91922 /* csvParser.swift in Sources */ = {isa = PBXBuildFile; fileRef = DF2A3600213320C500F91922 /* csvParser.swift */; };
		DF2A36032133223C00F91922 /* DataController.swift in Sources */ = {isa = PBXBuildFile; fileRef = DF2A36022133223C00F91922 /* DataController.swift */; };
		DF2A36072133291000F91922 /* books.csv in Resources */ = {isa = PBXBuildFile; fileRef = DF2A36062133291000F91922 /* books.csv */; };
		DF2A3609213329FE00F91922 /* bookCell.swift in Sources */ = {isa = PBXBuildFile; fileRef = DF2A3608213329FE00F91922 /* bookCell.swift */; };
		DF2A360D2133335B00F91922 /* AssignVC.swift in Sources */ = {isa = PBXBuildFile; fileRef = DF2A360C2133335B00F91922 /* AssignVC.swift */; };
		DF2A360F2133341900F91922 /* AssignView.swift in Sources */ = {isa = PBXBuildFile; fileRef = DF2A360E2133341900F91922 /* AssignView.swift */; };
/* End PBXBuildFile section */

/* Begin PBXContainerItemProxy section */
		DF2A35F22133203800F91922 /* PBXContainerItemProxy */ = {
			isa = PBXContainerItemProxy;
			containerPortal = DF2A35D22133203400F91922 /* Project object */;
			proxyType = 1;
			remoteGlobalIDString = DF2A35D92133203400F91922;
			remoteInfo = LibraryMS;
		};
/* End PBXContainerItemProxy section */

/* Begin PBXFileReference section */
		DF1016F621342E190067C91B /* LibraryMS.xcdatamodel */ = {isa = PBXFileReference; lastKnownFileType = wrapper.xcdatamodel; path = LibraryMS.xcdatamodel; sourceTree = "<group>"; };
		DF2A35DA2133203400F91922 /* LibraryMS.app */ = {isa = PBXFileReference; explicitFileType = wrapper.application; includeInIndex = 0; path = LibraryMS.app; sourceTree = BUILT_PRODUCTS_DIR; };
		DF2A35DD2133203400F91922 /* AppDelegate.swift */ = {isa = PBXFileReference; lastKnownFileType = sourcecode.swift; path = AppDelegate.swift; sourceTree = "<group>"; };
		DF2A35DF2133203400F91922 /* ViewController.swift */ = {isa = PBXFileReference; lastKnownFileType = sourcecode.swift; path = ViewController.swift; sourceTree = "<group>"; };
		DF2A35E22133203400F91922 /* Base */ = {isa = PBXFileReference; lastKnownFileType = file.storyboard; name = Base; path = Base.lproj/Main.storyboard; sourceTree = "<group>"; };
		DF2A35E72133203800F91922 /* Assets.xcassets */ = {isa = PBXFileReference; lastKnownFileType = folder.assetcatalog; path = Assets.xcassets; sourceTree = "<group>"; };
		DF2A35EA2133203800F91922 /* Base */ = {isa = PBXFileReference; lastKnownFileType = file.storyboard; name = Base; path = Base.lproj/LaunchScreen.storyboard; sourceTree = "<group>"; };
		DF2A35EC2133203800F91922 /* Info.plist */ = {isa = PBXFileReference; lastKnownFileType = text.plist.xml; path = Info.plist; sourceTree = "<group>"; };
		DF2A35F12133203800F91922 /* LibraryMSTests.xctest */ = {isa = PBXFileReference; explicitFileType = wrapper.cfbundle; includeInIndex = 0; path = LibraryMSTests.xctest; sourceTree = BUILT_PRODUCTS_DIR; };
		DF2A35F52133203800F91922 /* LibraryMSTests.swift */ = {isa = PBXFileReference; lastKnownFileType = sourcecode.swift; path = LibraryMSTests.swift; sourceTree = "<group>"; };
		DF2A35F72133203800F91922 /* Info.plist */ = {isa = PBXFileReference; lastKnownFileType = text.plist.xml; path = Info.plist; sourceTree = "<group>"; };
		DF2A3600213320C500F91922 /* csvParser.swift */ = {isa = PBXFileReference; lastKnownFileType = sourcecode.swift; path = csvParser.swift; sourceTree = "<group>"; };
		DF2A36022133223C00F91922 /* DataController.swift */ = {isa = PBXFileReference; lastKnownFileType = sourcecode.swift; path = DataController.swift; sourceTree = "<group>"; };
		DF2A36062133291000F91922 /* books.csv */ = {isa = PBXFileReference; fileEncoding = 4; lastKnownFileType = text; path = books.csv; sourceTree = "<group>"; };
		DF2A3608213329FE00F91922 /* bookCell.swift */ = {isa = PBXFileReference; lastKnownFileType = sourcecode.swift; path = bookCell.swift; sourceTree = "<group>"; };
		DF2A360C2133335B00F91922 /* AssignVC.swift */ = {isa = PBXFileReference; lastKnownFileType = sourcecode.swift; path = AssignVC.swift; sourceTree = "<group>"; };
		DF2A360E2133341900F91922 /* AssignView.swift */ = {isa = PBXFileReference; lastKnownFileType = sourcecode.swift; path = AssignView.swift; sourceTree = "<group>"; };
/* End PBXFileReference section */

/* Begin PBXFrameworksBuildPhase section */
		DF2A35D72133203400F91922 /* Frameworks */ = {
			isa = PBXFrameworksBuildPhase;
			buildActionMask = 2147483647;
			files = (
			);
			runOnlyForDeploymentPostprocessing = 0;
		};
		DF2A35EE2133203800F91922 /* Frameworks */ = {
			isa = PBXFrameworksBuildPhase;
			buildActionMask = 2147483647;
			files = (
			);
			runOnlyForDeploymentPostprocessing = 0;
		};
/* End PBXFrameworksBuildPhase section */

/* Begin PBXGroup section */
		DF2A35D12133203400F91922 = {
			isa = PBXGroup;
			children = (
				DF2A35DC2133203400F91922 /* LibraryMS */,
				DF2A35F42133203800F91922 /* LibraryMSTests */,
				DF2A35DB2133203400F91922 /* Products */,
			);
			sourceTree = "<group>";
		};
		DF2A35DB2133203400F91922 /* Products */ = {
			isa = PBXGroup;
			children = (
				DF2A35DA2133203400F91922 /* LibraryMS.app */,
				DF2A35F12133203800F91922 /* LibraryMSTests.xctest */,
			);
			name = Products;
			sourceTree = "<group>";
		};
		DF2A35DC2133203400F91922 /* LibraryMS */ = {
			isa = PBXGroup;
			children = (
				DF2A35DD2133203400F91922 /* AppDelegate.swift */,
				DF2A3608213329FE00F91922 /* bookCell.swift */,
				DF2A36022133223C00F91922 /* DataController.swift */,
				DF2A360C2133335B00F91922 /* AssignVC.swift */,
				DF2A35DF2133203400F91922 /* ViewController.swift */,
				DF2A3600213320C500F91922 /* csvParser.swift */,
				DF1016F521342E190067C91B /* LibraryMS.xcdatamodeld */,
				DF2A35E12133203400F91922 /* Main.storyboard */,
				DF2A35E72133203800F91922 /* Assets.xcassets */,
				DF2A35E92133203800F91922 /* LaunchScreen.storyboard */,
				DF2A35EC2133203800F91922 /* Info.plist */,
				DF2A36062133291000F91922 /* books.csv */,
				DF2A360E2133341900F91922 /* AssignView.swift */,
			);
			path = LibraryMS;
			sourceTree = "<group>";
		};
		DF2A35F42133203800F91922 /* LibraryMSTests */ = {
			isa = PBXGroup;
			children = (
				DF2A35F52133203800F91922 /* LibraryMSTests.swift */,
				DF2A35F72133203800F91922 /* Info.plist */,
			);
			path = LibraryMSTests;
			sourceTree = "<group>";
		};
/* End PBXGroup section */

/* Begin PBXNativeTarget section */
		DF2A35D92133203400F91922 /* LibraryMS */ = {
			isa = PBXNativeTarget;
			buildConfigurationList = DF2A35FA2133203800F91922 /* Build configuration list for PBXNativeTarget "LibraryMS" */;
			buildPhases = (
				DF2A35D62133203400F91922 /* Sources */,
				DF2A35D72133203400F91922 /* Frameworks */,
				DF2A35D82133203400F91922 /* Resources */,
			);
			buildRules = (
			);
			dependencies = (
			);
			name = LibraryMS;
			productName = LibraryMS;
			productReference = DF2A35DA2133203400F91922 /* LibraryMS.app */;
			productType = "com.apple.product-type.application";
		};
		DF2A35F02133203800F91922 /* LibraryMSTests */ = {
			isa = PBXNativeTarget;
			buildConfigurationList = DF2A35FD2133203800F91922 /* Build configuration list for PBXNativeTarget "LibraryMSTests" */;
			buildPhases = (
				DF2A35ED2133203800F91922 /* Sources */,
				DF2A35EE2133203800F91922 /* Frameworks */,
				DF2A35EF2133203800F91922 /* Resources */,
			);
			buildRules = (
			);
			dependencies = (
				DF2A35F32133203800F91922 /* PBXTargetDependency */,
			);
			name = LibraryMSTests;
			productName = LibraryMSTests;
			productReference = DF2A35F12133203800F91922 /* LibraryMSTests.xctest */;
			productType = "com.apple.product-type.bundle.unit-test";
		};
/* End PBXNativeTarget section */

/* Begin PBXProject section */
		DF2A35D22133203400F91922 /* Project object */ = {
			isa = PBXProject;
			attributes = {
				LastSwiftUpdateCheck = 0940;
				LastUpgradeCheck = 0940;
				ORGANIZATIONNAME = "Anurita Srivastava";
				TargetAttributes = {
					DF2A35D92133203400F91922 = {
						CreatedOnToolsVersion = 9.4.1;
					};
					DF2A35F02133203800F91922 = {
						CreatedOnToolsVersion = 9.4.1;
						TestTargetID = DF2A35D92133203400F91922;
					};
				};
			};
			buildConfigurationList = DF2A35D52133203400F91922 /* Build configuration list for PBXProject "LibraryMS" */;
			compatibilityVersion = "Xcode 9.3";
			developmentRegion = en;
			hasScannedForEncodings = 0;
			knownRegions = (
				en,
				Base,
			);
			mainGroup = DF2A35D12133203400F91922;
			productRefGroup = DF2A35DB2133203400F91922 /* Products */;
			projectDirPath = "";
			projectRoot = "";
			targets = (
				DF2A35D92133203400F91922 /* LibraryMS */,
				DF2A35F02133203800F91922 /* LibraryMSTests */,
			);
		};
/* End PBXProject section */

/* Begin PBXResourcesBuildPhase section */
		DF2A35D82133203400F91922 /* Resources */ = {
			isa = PBXResourcesBuildPhase;
			buildActionMask = 2147483647;
			files = (
				DF2A35EB2133203800F91922 /* LaunchScreen.storyboard in Resources */,
				DF2A36072133291000F91922 /* books.csv in Resources */,
				DF2A35E82133203800F91922 /* Assets.xcassets in Resources */,
				DF2A35E32133203400F91922 /* Main.storyboard in Resources */,
			);
			runOnlyForDeploymentPostprocessing = 0;
		};
		DF2A35EF2133203800F91922 /* Resources */ = {
			isa = PBXResourcesBuildPhase;
			buildActionMask = 2147483647;
			files = (
			);
			runOnlyForDeploymentPostprocessing = 0;
		};
/* End PBXResourcesBuildPhase section */

/* Begin PBXSourcesBuildPhase section */
		DF2A35D62133203400F91922 /* Sources */ = {
			isa = PBXSourcesBuildPhase;
			buildActionMask = 2147483647;
			files = (
				DF2A36032133223C00F91922 /* DataController.swift in Sources */,
				DF2A35E02133203400F91922 /* ViewController.swift in Sources */,
				DF2A360F2133341900F91922 /* AssignView.swift in Sources */,
				DF1016F721342E190067C91B /* LibraryMS.xcdatamodeld in Sources */,
				DF2A360D2133335B00F91922 /* AssignVC.swift in Sources */,
				DF2A3609213329FE00F91922 /* bookCell.swift in Sources */,
				DF2A35DE2133203400F91922 /* AppDelegate.swift in Sources */,
				DF2A3601213320C500F91922 /* csvParser.swift in Sources */,
			);
			runOnlyForDeploymentPostprocessing = 0;
		};
		DF2A35ED2133203800F91922 /* Sources */ = {
			isa = PBXSourcesBuildPhase;
			buildActionMask = 2147483647;
			files = (
				DF2A35F62133203800F91922 /* LibraryMSTests.swift in Sources */,
			);
			runOnlyForDeploymentPostprocessing = 0;
		};
/* End PBXSourcesBuildPhase section */

/* Begin PBXTargetDependency section */
		DF2A35F32133203800F91922 /* PBXTargetDependency */ = {
			isa = PBXTargetDependency;
			target = DF2A35D92133203400F91922 /* LibraryMS */;
			targetProxy = DF2A35F22133203800F91922 /* PBXContainerItemProxy */;
		};
/* End PBXTargetDependency section */

/* Begin PBXVariantGroup section */
		DF2A35E12133203400F91922 /* Main.storyboard */ = {
			isa = PBXVariantGroup;
			children = (
				DF2A35E22133203400F91922 /* Base */,
			);
			name = Main.storyboard;
			sourceTree = "<group>";
		};
		DF2A35E92133203800F91922 /* LaunchScreen.storyboard */ = {
			isa = PBXVariantGroup;
			children = (
				DF2A35EA2133203800F91922 /* Base */,
			);
			name = LaunchScreen.storyboard;
			sourceTree = "<group>";
		};
/* End PBXVariantGroup section */

/* Begin XCBuildConfiguration section */
		DF2A35F82133203800F91922 /* Debug */ = {
			isa = XCBuildConfiguration;
			buildSettings = {
				ALWAYS_SEARCH_USER_PATHS = NO;
				CLANG_ANALYZER_NONNULL = YES;
				CLANG_ANALYZER_NUMBER_OBJECT_CONVERSION = YES_AGGRESSIVE;
				CLANG_CXX_LANGUAGE_STANDARD = "gnu++14";
				CLANG_CXX_LIBRARY = "libc++";
				CLANG_ENABLE_MODULES = YES;
				CLANG_ENABLE_OBJC_ARC = YES;
				CLANG_ENABLE_OBJC_WEAK = YES;
				CLANG_WARN_BLOCK_CAPTURE_AUTORELEASING = YES;
				CLANG_WARN_BOOL_CONVERSION = YES;
				CLANG_WARN_COMMA = YES;
				CLANG_WARN_CONSTANT_CONVERSION = YES;
				CLANG_WARN_DEPRECATED_OBJC_IMPLEMENTATIONS = YES;
				CLANG_WARN_DIRECT_OBJC_ISA_USAGE = YES_ERROR;
				CLANG_WARN_DOCUMENTATION_COMMENTS = YES;
				CLANG_WARN_EMPTY_BODY = YES;
				CLANG_WARN_ENUM_CONVERSION = YES;
				CLANG_WARN_INFINITE_RECURSION = YES;
				CLANG_WARN_INT_CONVERSION = YES;
				CLANG_WARN_NON_LITERAL_NULL_CONVERSION = YES;
				CLANG_WARN_OBJC_IMPLICIT_RETAIN_SELF = YES;
				CLANG_WARN_OBJC_LITERAL_CONVERSION = YES;
				CLANG_WARN_OBJC_ROOT_CLASS = YES_ERROR;
				CLANG_WARN_RANGE_LOOP_ANALYSIS = YES;
				CLANG_WARN_STRICT_PROTOTYPES = YES;
				CLANG_WARN_SUSPICIOUS_MOVE = YES;
				CLANG_WARN_UNGUARDED_AVAILABILITY = YES_AGGRESSIVE;
				CLANG_WARN_UNREACHABLE_CODE = YES;
				CLANG_WARN__DUPLICATE_METHOD_MATCH = YES;
				CODE_SIGN_IDENTITY = "iPhone Developer";
				COPY_PHASE_STRIP = NO;
				DEBUG_INFORMATION_FORMAT = dwarf;
				ENABLE_STRICT_OBJC_MSGSEND = YES;
				ENABLE_TESTABILITY = YES;
				GCC_C_LANGUAGE_STANDARD = gnu11;
				GCC_DYNAMIC_NO_PIC = NO;
				GCC_NO_COMMON_BLOCKS = YES;
				GCC_OPTIMIZATION_LEVEL = 0;
				GCC_PREPROCESSOR_DEFINITIONS = (
					"DEBUG=1",
					"$(inherited)",
				);
				GCC_WARN_64_TO_32_BIT_CONVERSION = YES;
				GCC_WARN_ABOUT_RETURN_TYPE = YES_ERROR;
				GCC_WARN_UNDECLARED_SELECTOR = YES;
				GCC_WARN_UNINITIALIZED_AUTOS = YES_AGGRESSIVE;
				GCC_WARN_UNUSED_FUNCTION = YES;
				GCC_WARN_UNUSED_VARIABLE = YES;
				IPHONEOS_DEPLOYMENT_TARGET = 11.4;
				MTL_ENABLE_DEBUG_INFO = YES;
				ONLY_ACTIVE_ARCH = YES;
				SDKROOT = iphoneos;
				SWIFT_ACTIVE_COMPILATION_CONDITIONS = DEBUG;
				SWIFT_OPTIMIZATION_LEVEL = "-Onone";
			};
			name = Debug;
		};
		DF2A35F92133203800F91922 /* Release */ = {
			isa = XCBuildConfiguration;
			buildSettings = {
				ALWAYS_SEARCH_USER_PATHS = NO;
				CLANG_ANALYZER_NONNULL = YES;
				CLANG_ANALYZER_NUMBER_OBJECT_CONVERSION = YES_AGGRESSIVE;
				CLANG_CXX_LANGUAGE_STANDARD = "gnu++14";
				CLANG_CXX_LIBRARY = "libc++";
				CLANG_ENABLE_MODULES = YES;
				CLANG_ENABLE_OBJC_ARC = YES;
				CLANG_ENABLE_OBJC_WEAK = YES;
				CLANG_WARN_BLOCK_CAPTURE_AUTORELEASING = YES;
				CLANG_WARN_BOOL_CONVERSION = YES;
				CLANG_WARN_COMMA = YES;
				CLANG_WARN_CONSTANT_CONVERSION = YES;
				CLANG_WARN_DEPRECATED_OBJC_IMPLEMENTATIONS = YES;
				CLANG_WARN_DIRECT_OBJC_ISA_USAGE = YES_ERROR;
				CLANG_WARN_DOCUMENTATION_COMMENTS = YES;
				CLANG_WARN_EMPTY_BODY = YES;
				CLANG_WARN_ENUM_CONVERSION = YES;
				CLANG_WARN_INFINITE_RECURSION = YES;
				CLANG_WARN_INT_CONVERSION = YES;
				CLANG_WARN_NON_LITERAL_NULL_CONVERSION = YES;
				CLANG_WARN_OBJC_IMPLICIT_RETAIN_SELF = YES;
				CLANG_WARN_OBJC_LITERAL_CONVERSION = YES;
				CLANG_WARN_OBJC_ROOT_CLASS = YES_ERROR;
				CLANG_WARN_RANGE_LOOP_ANALYSIS = YES;
				CLANG_WARN_STRICT_PROTOTYPES = YES;
				CLANG_WARN_SUSPICIOUS_MOVE = YES;
				CLANG_WARN_UNGUARDED_AVAILABILITY = YES_AGGRESSIVE;
				CLANG_WARN_UNREACHABLE_CODE = YES;
				CLANG_WARN__DUPLICATE_METHOD_MATCH = YES;
				CODE_SIGN_IDENTITY = "iPhone Developer";
				COPY_PHASE_STRIP = NO;
				DEBUG_INFORMATION_FORMAT = "dwarf-with-dsym";
				ENABLE_NS_ASSERTIONS = NO;
				ENABLE_STRICT_OBJC_MSGSEND = YES;
				GCC_C_LANGUAGE_STANDARD = gnu11;
				GCC_NO_COMMON_BLOCKS = YES;
				GCC_WARN_64_TO_32_BIT_CONVERSION = YES;
				GCC_WARN_ABOUT_RETURN_TYPE = YES_ERROR;
				GCC_WARN_UNDECLARED_SELECTOR = YES;
				GCC_WARN_UNINITIALIZED_AUTOS = YES_AGGRESSIVE;
				GCC_WARN_UNUSED_FUNCTION = YES;
				GCC_WARN_UNUSED_VARIABLE = YES;
				IPHONEOS_DEPLOYMENT_TARGET = 11.4;
				MTL_ENABLE_DEBUG_INFO = NO;
				SDKROOT = iphoneos;
				SWIFT_COMPILATION_MODE = wholemodule;
				SWIFT_OPTIMIZATION_LEVEL = "-O";
				VALIDATE_PRODUCT = YES;
			};
			name = Release;
		};
		DF2A35FB2133203800F91922 /* Debug */ = {
			isa = XCBuildConfiguration;
			buildSettings = {
				ASSETCATALOG_COMPILER_APPICON_NAME = AppIcon;
				CODE_SIGN_STYLE = Automatic;
				DEVELOPMENT_TEAM = M9Y5D22U5C;
				INFOPLIST_FILE = LibraryMS/Info.plist;
				LD_RUNPATH_SEARCH_PATHS = (
					"$(inherited)",
					"@executable_path/Frameworks",
				);
				PRODUCT_BUNDLE_IDENTIFIER = Anurita.LibraryMS;
				PRODUCT_NAME = "$(TARGET_NAME)";
				SWIFT_VERSION = 4.0;
				TARGETED_DEVICE_FAMILY = "1,2";
			};
			name = Debug;
		};
		DF2A35FC2133203800F91922 /* Release */ = {
			isa = XCBuildConfiguration;
			buildSettings = {
				ASSETCATALOG_COMPILER_APPICON_NAME = AppIcon;
				CODE_SIGN_STYLE = Automatic;
				DEVELOPMENT_TEAM = M9Y5D22U5C;
				INFOPLIST_FILE = LibraryMS/Info.plist;
				LD_RUNPATH_SEARCH_PATHS = (
					"$(inherited)",
					"@executable_path/Frameworks",
				);
				PRODUCT_BUNDLE_IDENTIFIER = Anurita.LibraryMS;
				PRODUCT_NAME = "$(TARGET_NAME)";
				SWIFT_VERSION = 4.0;
				TARGETED_DEVICE_FAMILY = "1,2";
			};
			name = Release;
		};
		DF2A35FE2133203800F91922 /* Debug */ = {
			isa = XCBuildConfiguration;
			buildSettings = {
				ALWAYS_EMBED_SWIFT_STANDARD_LIBRARIES = YES;
				BUNDLE_LOADER = "$(TEST_HOST)";
				CODE_SIGN_STYLE = Automatic;
				INFOPLIST_FILE = LibraryMSTests/Info.plist;
				LD_RUNPATH_SEARCH_PATHS = (
					"$(inherited)",
					"@executable_path/Frameworks",
					"@loader_path/Frameworks",
				);
				PRODUCT_BUNDLE_IDENTIFIER = Anurita.LibraryMSTests;
				PRODUCT_NAME = "$(TARGET_NAME)";
				SWIFT_VERSION = 4.0;
				TARGETED_DEVICE_FAMILY = "1,2";
				TEST_HOST = "$(BUILT_PRODUCTS_DIR)/LibraryMS.app/LibraryMS";
			};
			name = Debug;
		};
		DF2A35FF2133203800F91922 /* Release */ = {
			isa = XCBuildConfiguration;
			buildSettings = {
				ALWAYS_EMBED_SWIFT_STANDARD_LIBRARIES = YES;
				BUNDLE_LOADER = "$(TEST_HOST)";
				CODE_SIGN_STYLE = Automatic;
				INFOPLIST_FILE = LibraryMSTests/Info.plist;
				LD_RUNPATH_SEARCH_PATHS = (
					"$(inherited)",
					"@executable_path/Frameworks",
					"@loader_path/Frameworks",
				);
				PRODUCT_BUNDLE_IDENTIFIER = Anurita.LibraryMSTests;
				PRODUCT_NAME = "$(TARGET_NAME)";
				SWIFT_VERSION = 4.0;
				TARGETED_DEVICE_FAMILY = "1,2";
				TEST_HOST = "$(BUILT_PRODUCTS_DIR)/LibraryMS.app/LibraryMS";
			};
			name = Release;
		};
/* End XCBuildConfiguration section */

/* Begin XCConfigurationList section */
		DF2A35D52133203400F91922 /* Build configuration list for PBXProject "LibraryMS" */ = {
			isa = XCConfigurationList;
			buildConfigurations = (
				DF2A35F82133203800F91922 /* Debug */,
				DF2A35F92133203800F91922 /* Release */,
			);
			defaultConfigurationIsVisible = 0;
			defaultConfigurationName = Release;
		};
		DF2A35FA2133203800F91922 /* Build configuration list for PBXNativeTarget "LibraryMS" */ = {
			isa = XCConfigurationList;
			buildConfigurations = (
				DF2A35FB2133203800F91922 /* Debug */,
				DF2A35FC2133203800F91922 /* Release */,
			);
			defaultConfigurationIsVisible = 0;
			defaultConfigurationName = Release;
		};
		DF2A35FD2133203800F91922 /* Build configuration list for PBXNativeTarget "LibraryMSTests" */ = {
			isa = XCConfigurationList;
			buildConfigurations = (
				DF2A35FE2133203800F91922 /* Debug */,
				DF2A35FF2133203800F91922 /* Release */,
			);
			defaultConfigurationIsVisible = 0;
			defaultConfigurationName = Release;
		};
/* End XCConfigurationList section */

/* Begin XCVersionGroup section */
		DF1016F521342E190067C91B /* LibraryMS.xcdatamodeld */ = {
			isa = XCVersionGroup;
			children = (
				DF1016F621342E190067C91B /* LibraryMS.xcdatamodel */,
			);
			currentVersion = DF1016F621342E190067C91B /* LibraryMS.xcdatamodel */;
			path = LibraryMS.xcdatamodeld;
			sourceTree = "<group>";
			versionGroupType = wrapper.xcdatamodel;
		};
/* End XCVersionGroup section */
	};
	rootObject = DF2A35D22133203400F91922 /* Project object */;
}
