// !$*UTF8*$!
{
	archiveVersion = 1;
	classes = {
	};
	objectVersion = 46;
	objects = {

/* Begin PBXBuildFile section */
		5023BFB41E45D595008CABA2 /* AppDelegate.swift in Sources */ = {isa = PBXBuildFile; fileRef = 5023BFB31E45D595008CABA2 /* AppDelegate.swift */; };
		5023BFB61E45D595008CABA2 /* ViewController.swift in Sources */ = {isa = PBXBuildFile; fileRef = 5023BFB51E45D595008CABA2 /* ViewController.swift */; };
		5023BFB91E45D595008CABA2 /* Main.storyboard in Resources */ = {isa = PBXBuildFile; fileRef = 5023BFB71E45D595008CABA2 /* Main.storyboard */; };
		5023BFBB1E45D595008CABA2 /* Assets.xcassets in Resources */ = {isa = PBXBuildFile; fileRef = 5023BFBA1E45D595008CABA2 /* Assets.xcassets */; };
		5023BFBE1E45D595008CABA2 /* LaunchScreen.storyboard in Resources */ = {isa = PBXBuildFile; fileRef = 5023BFBC1E45D595008CABA2 /* LaunchScreen.storyboard */; };
		5023BFC61E45DFD0008CABA2 /* CustomCardView.swift in Sources */ = {isa = PBXBuildFile; fileRef = 5023BFC51E45DFD0008CABA2 /* CustomCardView.swift */; };
		50A0731D1E4648D700470496 /* tabBar.swift in Sources */ = {isa = PBXBuildFile; fileRef = 50A0731C1E4648D700470496 /* tabBar.swift */; };
		DF3AE4F21E4678E200262AF7 /* Rss.swift in Sources */ = {isa = PBXBuildFile; fileRef = DF3AE4F11E4678E200262AF7 /* Rss.swift */; };
		DF3AE4F61E47475200262AF7 /* Feed.swift in Sources */ = {isa = PBXBuildFile; fileRef = DF3AE4F51E47475200262AF7 /* Feed.swift */; };
/* End PBXBuildFile section */

/* Begin PBXFileReference section */
		5023BFB01E45D595008CABA2 /* theBulletin.app */ = {isa = PBXFileReference; explicitFileType = wrapper.application; includeInIndex = 0; path = theBulletin.app; sourceTree = BUILT_PRODUCTS_DIR; };
		5023BFB31E45D595008CABA2 /* AppDelegate.swift */ = {isa = PBXFileReference; lastKnownFileType = sourcecode.swift; path = AppDelegate.swift; sourceTree = "<group>"; };
		5023BFB51E45D595008CABA2 /* ViewController.swift */ = {isa = PBXFileReference; lastKnownFileType = sourcecode.swift; path = ViewController.swift; sourceTree = "<group>"; };
		5023BFB81E45D595008CABA2 /* Base */ = {isa = PBXFileReference; lastKnownFileType = file.storyboard; name = Base; path = Base.lproj/Main.storyboard; sourceTree = "<group>"; };
		5023BFBA1E45D595008CABA2 /* Assets.xcassets */ = {isa = PBXFileReference; lastKnownFileType = folder.assetcatalog; path = Assets.xcassets; sourceTree = "<group>"; };
		5023BFBD1E45D595008CABA2 /* Base */ = {isa = PBXFileReference; lastKnownFileType = file.storyboard; name = Base; path = Base.lproj/LaunchScreen.storyboard; sourceTree = "<group>"; };
		5023BFBF1E45D595008CABA2 /* Info.plist */ = {isa = PBXFileReference; lastKnownFileType = text.plist.xml; path = Info.plist; sourceTree = "<group>"; };
		5023BFC51E45DFD0008CABA2 /* CustomCardView.swift */ = {isa = PBXFileReference; fileEncoding = 4; lastKnownFileType = sourcecode.swift; path = CustomCardView.swift; sourceTree = "<group>"; };
		50A0731C1E4648D700470496 /* tabBar.swift */ = {isa = PBXFileReference; fileEncoding = 4; lastKnownFileType = sourcecode.swift; path = tabBar.swift; sourceTree = "<group>"; };
		DF3AE4F11E4678E200262AF7 /* Rss.swift */ = {isa = PBXFileReference; fileEncoding = 4; lastKnownFileType = sourcecode.swift; path = Rss.swift; sourceTree = "<group>"; };
		DF3AE4F51E47475200262AF7 /* Feed.swift */ = {isa = PBXFileReference; fileEncoding = 4; indentWidth = 5; lastKnownFileType = sourcecode.swift; path = Feed.swift; sourceTree = "<group>"; };
/* End PBXFileReference section */

/* Begin PBXFrameworksBuildPhase section */
		5023BFAD1E45D595008CABA2 /* Frameworks */ = {
			isa = PBXFrameworksBuildPhase;
			buildActionMask = 2147483647;
			files = (
			);
			runOnlyForDeploymentPostprocessing = 0;
		};
/* End PBXFrameworksBuildPhase section */

/* Begin PBXGroup section */
		5023BFA71E45D595008CABA2 = {
			isa = PBXGroup;
			children = (
				5023BFB21E45D595008CABA2 /* theBulletin */,
				5023BFB11E45D595008CABA2 /* Products */,
			);
			sourceTree = "<group>";
		};
		5023BFB11E45D595008CABA2 /* Products */ = {
			isa = PBXGroup;
			children = (
				5023BFB01E45D595008CABA2 /* theBulletin.app */,
			);
			name = Products;
			sourceTree = "<group>";
		};
		5023BFB21E45D595008CABA2 /* theBulletin */ = {
			isa = PBXGroup;
			children = (
				5023BFB31E45D595008CABA2 /* AppDelegate.swift */,
				5023BFB51E45D595008CABA2 /* ViewController.swift */,
				DF3AE4F11E4678E200262AF7 /* Rss.swift */,
				DF3AE4F51E47475200262AF7 /* Feed.swift */,
				5023BFB71E45D595008CABA2 /* Main.storyboard */,
				50A0731C1E4648D700470496 /* tabBar.swift */,
				5023BFC51E45DFD0008CABA2 /* CustomCardView.swift */,
				5023BFBA1E45D595008CABA2 /* Assets.xcassets */,
				5023BFBC1E45D595008CABA2 /* LaunchScreen.storyboard */,
				5023BFBF1E45D595008CABA2 /* Info.plist */,
			);
			path = theBulletin;
			sourceTree = "<group>";
		};
/* End PBXGroup section */

/* Begin PBXNativeTarget section */
		5023BFAF1E45D595008CABA2 /* theBulletin */ = {
			isa = PBXNativeTarget;
			buildConfigurationList = 5023BFC21E45D595008CABA2 /* Build configuration list for PBXNativeTarget "theBulletin" */;
			buildPhases = (
				5023BFAC1E45D595008CABA2 /* Sources */,
				5023BFAD1E45D595008CABA2 /* Frameworks */,
				5023BFAE1E45D595008CABA2 /* Resources */,
			);
			buildRules = (
			);
			dependencies = (
			);
			name = theBulletin;
			productName = theBulletin;
			productReference = 5023BFB01E45D595008CABA2 /* theBulletin.app */;
			productType = "com.apple.product-type.application";
		};
/* End PBXNativeTarget section */

/* Begin PBXProject section */
		5023BFA81E45D595008CABA2 /* Project object */ = {
			isa = PBXProject;
			attributes = {
				LastSwiftUpdateCheck = 0820;
				LastUpgradeCheck = 0820;
				ORGANIZATIONNAME = "Shubhankar Singh";
				TargetAttributes = {
					5023BFAF1E45D595008CABA2 = {
						CreatedOnToolsVersion = 8.2.1;
						DevelopmentTeam = M9Y5D22U5C;
						ProvisioningStyle = Automatic;
					};
				};
			};
			buildConfigurationList = 5023BFAB1E45D595008CABA2 /* Build configuration list for PBXProject "theBulletin" */;
			compatibilityVersion = "Xcode 3.2";
			developmentRegion = English;
			hasScannedForEncodings = 0;
			knownRegions = (
				en,
				Base,
			);
			mainGroup = 5023BFA71E45D595008CABA2;
			productRefGroup = 5023BFB11E45D595008CABA2 /* Products */;
			projectDirPath = "";
			projectRoot = "";
			targets = (
				5023BFAF1E45D595008CABA2 /* theBulletin */,
			);
		};
/* End PBXProject section */

/* Begin PBXResourcesBuildPhase section */
		5023BFAE1E45D595008CABA2 /* Resources */ = {
			isa = PBXResourcesBuildPhase;
			buildActionMask = 2147483647;
			files = (
				5023BFBE1E45D595008CABA2 /* LaunchScreen.storyboard in Resources */,
				5023BFBB1E45D595008CABA2 /* Assets.xcassets in Resources */,
				5023BFB91E45D595008CABA2 /* Main.storyboard in Resources */,
			);
			runOnlyForDeploymentPostprocessing = 0;
		};
/* End PBXResourcesBuildPhase section */

/* Begin PBXSourcesBuildPhase section */
		5023BFAC1E45D595008CABA2 /* Sources */ = {
			isa = PBXSourcesBuildPhase;
			buildActionMask = 2147483647;
			files = (
				5023BFB61E45D595008CABA2 /* ViewController.swift in Sources */,
				DF3AE4F61E47475200262AF7 /* Feed.swift in Sources */,
				5023BFB41E45D595008CABA2 /* AppDelegate.swift in Sources */,
				5023BFC61E45DFD0008CABA2 /* CustomCardView.swift in Sources */,
				DF3AE4F21E4678E200262AF7 /* Rss.swift in Sources */,
				50A0731D1E4648D700470496 /* tabBar.swift in Sources */,
			);
			runOnlyForDeploymentPostprocessing = 0;
		};
/* End PBXSourcesBuildPhase section */

/* Begin PBXVariantGroup section */
		5023BFB71E45D595008CABA2 /* Main.storyboard */ = {
			isa = PBXVariantGroup;
			children = (
				5023BFB81E45D595008CABA2 /* Base */,
			);
			name = Main.storyboard;
			sourceTree = "<group>";
		};
		5023BFBC1E45D595008CABA2 /* LaunchScreen.storyboard */ = {
			isa = PBXVariantGroup;
			children = (
				5023BFBD1E45D595008CABA2 /* Base */,
			);
			name = LaunchScreen.storyboard;
			sourceTree = "<group>";
		};
/* End PBXVariantGroup section */

/* Begin XCBuildConfiguration section */
		5023BFC01E45D595008CABA2 /* Debug */ = {
			isa = XCBuildConfiguration;
			buildSettings = {
				ALWAYS_SEARCH_USER_PATHS = NO;
				CLANG_ANALYZER_NONNULL = YES;
				CLANG_CXX_LANGUAGE_STANDARD = "gnu++0x";
				CLANG_CXX_LIBRARY = "libc++";
				CLANG_ENABLE_MODULES = YES;
				CLANG_ENABLE_OBJC_ARC = YES;
				CLANG_WARN_BOOL_CONVERSION = YES;
				CLANG_WARN_CONSTANT_CONVERSION = YES;
				CLANG_WARN_DIRECT_OBJC_ISA_USAGE = YES_ERROR;
				CLANG_WARN_DOCUMENTATION_COMMENTS = YES;
				CLANG_WARN_EMPTY_BODY = YES;
				CLANG_WARN_ENUM_CONVERSION = YES;
				CLANG_WARN_INFINITE_RECURSION = YES;
				CLANG_WARN_INT_CONVERSION = YES;
				CLANG_WARN_OBJC_ROOT_CLASS = YES_ERROR;
				CLANG_WARN_SUSPICIOUS_MOVE = YES;
				CLANG_WARN_UNREACHABLE_CODE = YES;
				CLANG_WARN__DUPLICATE_METHOD_MATCH = YES;
				"CODE_SIGN_IDENTITY[sdk=iphoneos*]" = "iPhone Developer";
				COPY_PHASE_STRIP = NO;
				DEBUG_INFORMATION_FORMAT = dwarf;
				ENABLE_STRICT_OBJC_MSGSEND = YES;
				ENABLE_TESTABILITY = YES;
				GCC_C_LANGUAGE_STANDARD = gnu99;
				GCC_DYNAMIC_NO_PIC = NO;
				GCC_NO_COMMON_BLOCKS = YES;
				GCC_OPTIMIZATION_LEVEL = 0;
				GCC_PREPROCESSOR_DEFINITIONS = (
					"DEBUG=1",
					"$(inherited)",
				);
				GCC_WARN_64_TO_32_BIT_CONVERSION = YES;
				GCC_WARN_ABOUT_RETURN_TYPE = YES_ERROR;
				GCC_WARN_UNDECLARED_SELECTOR = YES;
				GCC_WARN_UNINITIALIZED_AUTOS = YES_AGGRESSIVE;
				GCC_WARN_UNUSED_FUNCTION = YES;
				GCC_WARN_UNUSED_VARIABLE = YES;
				IPHONEOS_DEPLOYMENT_TARGET = 10.2;
				MTL_ENABLE_DEBUG_INFO = YES;
				ONLY_ACTIVE_ARCH = YES;
				SDKROOT = iphoneos;
				SWIFT_ACTIVE_COMPILATION_CONDITIONS = DEBUG;
				SWIFT_OPTIMIZATION_LEVEL = "-Onone";
			};
			name = Debug;
		};
		5023BFC11E45D595008CABA2 /* Release */ = {
			isa = XCBuildConfiguration;
			buildSettings = {
				ALWAYS_SEARCH_USER_PATHS = NO;
				CLANG_ANALYZER_NONNULL = YES;
				CLANG_CXX_LANGUAGE_STANDARD = "gnu++0x";
				CLANG_CXX_LIBRARY = "libc++";
				CLANG_ENABLE_MODULES = YES;
				CLANG_ENABLE_OBJC_ARC = YES;
				CLANG_WARN_BOOL_CONVERSION = YES;
				CLANG_WARN_CONSTANT_CONVERSION = YES;
				CLANG_WARN_DIRECT_OBJC_ISA_USAGE = YES_ERROR;
				CLANG_WARN_DOCUMENTATION_COMMENTS = YES;
				CLANG_WARN_EMPTY_BODY = YES;
				CLANG_WARN_ENUM_CONVERSION = YES;
				CLANG_WARN_INFINITE_RECURSION = YES;
				CLANG_WARN_INT_CONVERSION = YES;
				CLANG_WARN_OBJC_ROOT_CLASS = YES_ERROR;
				CLANG_WARN_SUSPICIOUS_MOVE = YES;
				CLANG_WARN_UNREACHABLE_CODE = YES;
				CLANG_WARN__DUPLICATE_METHOD_MATCH = YES;
				"CODE_SIGN_IDENTITY[sdk=iphoneos*]" = "iPhone Developer";
				COPY_PHASE_STRIP = NO;
				DEBUG_INFORMATION_FORMAT = "dwarf-with-dsym";
				ENABLE_NS_ASSERTIONS = NO;
				ENABLE_STRICT_OBJC_MSGSEND = YES;
				GCC_C_LANGUAGE_STANDARD = gnu99;
				GCC_NO_COMMON_BLOCKS = YES;
				GCC_WARN_64_TO_32_BIT_CONVERSION = YES;
				GCC_WARN_ABOUT_RETURN_TYPE = YES_ERROR;
				GCC_WARN_UNDECLARED_SELECTOR = YES;
				GCC_WARN_UNINITIALIZED_AUTOS = YES_AGGRESSIVE;
				GCC_WARN_UNUSED_FUNCTION = YES;
				GCC_WARN_UNUSED_VARIABLE = YES;
				IPHONEOS_DEPLOYMENT_TARGET = 10.2;
				MTL_ENABLE_DEBUG_INFO = NO;
				SDKROOT = iphoneos;
				SWIFT_OPTIMIZATION_LEVEL = "-Owholemodule";
				VALIDATE_PRODUCT = YES;
			};
			name = Release;
		};
		5023BFC31E45D595008CABA2 /* Debug */ = {
			isa = XCBuildConfiguration;
			buildSettings = {
				ASSETCATALOG_COMPILER_APPICON_NAME = AppIcon;
				DEVELOPMENT_TEAM = M9Y5D22U5C;
				INFOPLIST_FILE = theBulletin/Info.plist;
				IPHONEOS_DEPLOYMENT_TARGET = 9.0;
				LD_RUNPATH_SEARCH_PATHS = "$(inherited) @executable_path/Frameworks";
				PRODUCT_BUNDLE_IDENTIFIER = com.greymatter.theBulletin;
				PRODUCT_NAME = "$(TARGET_NAME)";
				SWIFT_VERSION = 3.0;
				TARGETED_DEVICE_FAMILY = 1;
			};
			name = Debug;
		};
		5023BFC41E45D595008CABA2 /* Release */ = {
			isa = XCBuildConfiguration;
			buildSettings = {
				ASSETCATALOG_COMPILER_APPICON_NAME = AppIcon;
				DEVELOPMENT_TEAM = M9Y5D22U5C;
				INFOPLIST_FILE = theBulletin/Info.plist;
				IPHONEOS_DEPLOYMENT_TARGET = 9.0;
				LD_RUNPATH_SEARCH_PATHS = "$(inherited) @executable_path/Frameworks";
				PRODUCT_BUNDLE_IDENTIFIER = com.greymatter.theBulletin;
				PRODUCT_NAME = "$(TARGET_NAME)";
				SWIFT_VERSION = 3.0;
				TARGETED_DEVICE_FAMILY = 1;
			};
			name = Release;
		};
/* End XCBuildConfiguration section */

/* Begin XCConfigurationList section */
		5023BFAB1E45D595008CABA2 /* Build configuration list for PBXProject "theBulletin" */ = {
			isa = XCConfigurationList;
			buildConfigurations = (
				5023BFC01E45D595008CABA2 /* Debug */,
				5023BFC11E45D595008CABA2 /* Release */,
			);
			defaultConfigurationIsVisible = 0;
			defaultConfigurationName = Release;
		};
		5023BFC21E45D595008CABA2 /* Build configuration list for PBXNativeTarget "theBulletin" */ = {
			isa = XCConfigurationList;
			buildConfigurations = (
				5023BFC31E45D595008CABA2 /* Debug */,
				5023BFC41E45D595008CABA2 /* Release */,
			);
			defaultConfigurationIsVisible = 0;
			defaultConfigurationName = Release;
		};
/* End XCConfigurationList section */
	};
	rootObject = 5023BFA81E45D595008CABA2 /* Project object */;
}
