// !$*UTF8*$!
{
	archiveVersion = 1;
	classes = {
	};
	objectVersion = 46;
	objects = {

/* Begin PBXBuildFile section */
		DF1803A61DF9B177003D1497 /* AppDelegate.swift in Sources */ = {isa = PBXBuildFile; fileRef = DF1803A51DF9B177003D1497 /* AppDelegate.swift */; };
		DF1803A81DF9B177003D1497 /* AudioRecordViewController.swift in Sources */ = {isa = PBXBuildFile; fileRef = DF1803A71DF9B177003D1497 /* AudioRecordViewController.swift */; };
		DF1803AB1DF9B177003D1497 /* Main.storyboard in Resources */ = {isa = PBXBuildFile; fileRef = DF1803A91DF9B177003D1497 /* Main.storyboard */; };
		DF1803AD1DF9B177003D1497 /* Assets.xcassets in Resources */ = {isa = PBXBuildFile; fileRef = DF1803AC1DF9B177003D1497 /* Assets.xcassets */; };
		DF1803B01DF9B177003D1497 /* LaunchScreen.storyboard in Resources */ = {isa = PBXBuildFile; fileRef = DF1803AE1DF9B177003D1497 /* LaunchScreen.storyboard */; };
		DF1803BA1E06ED7C003D1497 /* VoiceViewController.swift in Sources */ = {isa = PBXBuildFile; fileRef = DF1803B91E06ED7C003D1497 /* VoiceViewController.swift */; };
		DF1803BC1E070F85003D1497 /* playsoundsviewcontroller-audio.swift in Sources */ = {isa = PBXBuildFile; fileRef = DF1803BB1E070F85003D1497 /* playsoundsviewcontroller-audio.swift */; };
/* End PBXBuildFile section */

/* Begin PBXFileReference section */
		DF1803A21DF9B177003D1497 /* Pitch Perfect.app */ = {isa = PBXFileReference; explicitFileType = wrapper.application; includeInIndex = 0; path = "Pitch Perfect.app"; sourceTree = BUILT_PRODUCTS_DIR; };
		DF1803A51DF9B177003D1497 /* AppDelegate.swift */ = {isa = PBXFileReference; lastKnownFileType = sourcecode.swift; path = AppDelegate.swift; sourceTree = "<group>"; };
		DF1803A71DF9B177003D1497 /* AudioRecordViewController.swift */ = {isa = PBXFileReference; lastKnownFileType = sourcecode.swift; path = AudioRecordViewController.swift; sourceTree = "<group>"; };
		DF1803AA1DF9B177003D1497 /* Base */ = {isa = PBXFileReference; lastKnownFileType = file.storyboard; name = Base; path = Base.lproj/Main.storyboard; sourceTree = "<group>"; };
		DF1803AC1DF9B177003D1497 /* Assets.xcassets */ = {isa = PBXFileReference; lastKnownFileType = folder.assetcatalog; path = Assets.xcassets; sourceTree = "<group>"; };
		DF1803AF1DF9B177003D1497 /* Base */ = {isa = PBXFileReference; lastKnownFileType = file.storyboard; name = Base; path = Base.lproj/LaunchScreen.storyboard; sourceTree = "<group>"; };
		DF1803B11DF9B177003D1497 /* Info.plist */ = {isa = PBXFileReference; lastKnownFileType = text.plist.xml; path = Info.plist; sourceTree = "<group>"; };
		DF1803B91E06ED7C003D1497 /* VoiceViewController.swift */ = {isa = PBXFileReference; fileEncoding = 4; lastKnownFileType = sourcecode.swift; path = VoiceViewController.swift; sourceTree = "<group>"; };
		DF1803BB1E070F85003D1497 /* playsoundsviewcontroller-audio.swift */ = {isa = PBXFileReference; fileEncoding = 4; lastKnownFileType = sourcecode.swift; path = "playsoundsviewcontroller-audio.swift"; sourceTree = "<group>"; };
/* End PBXFileReference section */

/* Begin PBXFrameworksBuildPhase section */
		DF18039F1DF9B177003D1497 /* Frameworks */ = {
			isa = PBXFrameworksBuildPhase;
			buildActionMask = 2147483647;
			files = (
			);
			runOnlyForDeploymentPostprocessing = 0;
		};
/* End PBXFrameworksBuildPhase section */

/* Begin PBXGroup section */
		DF1803991DF9B177003D1497 = {
			isa = PBXGroup;
			children = (
				DF1803A41DF9B177003D1497 /* Pitch Perfect */,
				DF1803A31DF9B177003D1497 /* Products */,
			);
			sourceTree = "<group>";
		};
		DF1803A31DF9B177003D1497 /* Products */ = {
			isa = PBXGroup;
			children = (
				DF1803A21DF9B177003D1497 /* Pitch Perfect.app */,
			);
			name = Products;
			sourceTree = "<group>";
		};
		DF1803A41DF9B177003D1497 /* Pitch Perfect */ = {
			isa = PBXGroup;
			children = (
				DF1803A51DF9B177003D1497 /* AppDelegate.swift */,
				DF1803A71DF9B177003D1497 /* AudioRecordViewController.swift */,
				DF1803A91DF9B177003D1497 /* Main.storyboard */,
				DF1803AC1DF9B177003D1497 /* Assets.xcassets */,
				DF1803AE1DF9B177003D1497 /* LaunchScreen.storyboard */,
				DF1803B11DF9B177003D1497 /* Info.plist */,
				DF1803B91E06ED7C003D1497 /* VoiceViewController.swift */,
				DF1803BB1E070F85003D1497 /* playsoundsviewcontroller-audio.swift */,
			);
			path = "Pitch Perfect";
			sourceTree = "<group>";
		};
/* End PBXGroup section */

/* Begin PBXNativeTarget section */
		DF1803A11DF9B177003D1497 /* Pitch Perfect */ = {
			isa = PBXNativeTarget;
			buildConfigurationList = DF1803B41DF9B177003D1497 /* Build configuration list for PBXNativeTarget "Pitch Perfect" */;
			buildPhases = (
				DF18039E1DF9B177003D1497 /* Sources */,
				DF18039F1DF9B177003D1497 /* Frameworks */,
				DF1803A01DF9B177003D1497 /* Resources */,
			);
			buildRules = (
			);
			dependencies = (
			);
			name = "Pitch Perfect";
			productName = "Pitch Perfect";
			productReference = DF1803A21DF9B177003D1497 /* Pitch Perfect.app */;
			productType = "com.apple.product-type.application";
		};
/* End PBXNativeTarget section */

/* Begin PBXProject section */
		DF18039A1DF9B177003D1497 /* Project object */ = {
			isa = PBXProject;
			attributes = {
				LastSwiftUpdateCheck = 0810;
				LastUpgradeCheck = 0810;
				ORGANIZATIONNAME = "Anurita Srivastava";
				TargetAttributes = {
					DF1803A11DF9B177003D1497 = {
						CreatedOnToolsVersion = 8.1;
						ProvisioningStyle = Automatic;
					};
				};
			};
			buildConfigurationList = DF18039D1DF9B177003D1497 /* Build configuration list for PBXProject "Pitch Perfect" */;
			compatibilityVersion = "Xcode 3.2";
			developmentRegion = English;
			hasScannedForEncodings = 0;
			knownRegions = (
				en,
				Base,
			);
			mainGroup = DF1803991DF9B177003D1497;
			productRefGroup = DF1803A31DF9B177003D1497 /* Products */;
			projectDirPath = "";
			projectRoot = "";
			targets = (
				DF1803A11DF9B177003D1497 /* Pitch Perfect */,
			);
		};
/* End PBXProject section */

/* Begin PBXResourcesBuildPhase section */
		DF1803A01DF9B177003D1497 /* Resources */ = {
			isa = PBXResourcesBuildPhase;
			buildActionMask = 2147483647;
			files = (
				DF1803B01DF9B177003D1497 /* LaunchScreen.storyboard in Resources */,
				DF1803AD1DF9B177003D1497 /* Assets.xcassets in Resources */,
				DF1803AB1DF9B177003D1497 /* Main.storyboard in Resources */,
			);
			runOnlyForDeploymentPostprocessing = 0;
		};
/* End PBXResourcesBuildPhase section */

/* Begin PBXSourcesBuildPhase section */
		DF18039E1DF9B177003D1497 /* Sources */ = {
			isa = PBXSourcesBuildPhase;
			buildActionMask = 2147483647;
			files = (
				DF1803A81DF9B177003D1497 /* AudioRecordViewController.swift in Sources */,
				DF1803A61DF9B177003D1497 /* AppDelegate.swift in Sources */,
				DF1803BA1E06ED7C003D1497 /* VoiceViewController.swift in Sources */,
				DF1803BC1E070F85003D1497 /* playsoundsviewcontroller-audio.swift in Sources */,
			);
			runOnlyForDeploymentPostprocessing = 0;
		};
/* End PBXSourcesBuildPhase section */

/* Begin PBXVariantGroup section */
		DF1803A91DF9B177003D1497 /* Main.storyboard */ = {
			isa = PBXVariantGroup;
			children = (
				DF1803AA1DF9B177003D1497 /* Base */,
			);
			name = Main.storyboard;
			sourceTree = "<group>";
		};
		DF1803AE1DF9B177003D1497 /* LaunchScreen.storyboard */ = {
			isa = PBXVariantGroup;
			children = (
				DF1803AF1DF9B177003D1497 /* Base */,
			);
			name = LaunchScreen.storyboard;
			sourceTree = "<group>";
		};
/* End PBXVariantGroup section */

/* Begin XCBuildConfiguration section */
		DF1803B21DF9B177003D1497 /* Debug */ = {
			isa = XCBuildConfiguration;
			buildSettings = {
				ALWAYS_SEARCH_USER_PATHS = NO;
				CLANG_ANALYZER_NONNULL = YES;
				CLANG_CXX_LANGUAGE_STANDARD = "gnu++0x";
				CLANG_CXX_LIBRARY = "libc++";
				CLANG_ENABLE_MODULES = YES;
				CLANG_ENABLE_OBJC_ARC = YES;
				CLANG_WARN_BOOL_CONVERSION = YES;
				CLANG_WARN_CONSTANT_CONVERSION = YES;
				CLANG_WARN_DIRECT_OBJC_ISA_USAGE = YES_ERROR;
				CLANG_WARN_DOCUMENTATION_COMMENTS = YES;
				CLANG_WARN_EMPTY_BODY = YES;
				CLANG_WARN_ENUM_CONVERSION = YES;
				CLANG_WARN_INFINITE_RECURSION = YES;
				CLANG_WARN_INT_CONVERSION = YES;
				CLANG_WARN_OBJC_ROOT_CLASS = YES_ERROR;
				CLANG_WARN_SUSPICIOUS_MOVES = YES;
				CLANG_WARN_UNREACHABLE_CODE = YES;
				CLANG_WARN__DUPLICATE_METHOD_MATCH = YES;
				"CODE_SIGN_IDENTITY[sdk=iphoneos*]" = "iPhone Developer";
				COPY_PHASE_STRIP = NO;
				DEBUG_INFORMATION_FORMAT = dwarf;
				ENABLE_STRICT_OBJC_MSGSEND = YES;
				ENABLE_TESTABILITY = YES;
				GCC_C_LANGUAGE_STANDARD = gnu99;
				GCC_DYNAMIC_NO_PIC = NO;
				GCC_NO_COMMON_BLOCKS = YES;
				GCC_OPTIMIZATION_LEVEL = 0;
				GCC_PREPROCESSOR_DEFINITIONS = (
					"DEBUG=1",
					"$(inherited)",
				);
				GCC_WARN_64_TO_32_BIT_CONVERSION = YES;
				GCC_WARN_ABOUT_RETURN_TYPE = YES_ERROR;
				GCC_WARN_UNDECLARED_SELECTOR = YES;
				GCC_WARN_UNINITIALIZED_AUTOS = YES_AGGRESSIVE;
				GCC_WARN_UNUSED_FUNCTION = YES;
				GCC_WARN_UNUSED_VARIABLE = YES;
				IPHONEOS_DEPLOYMENT_TARGET = 10.1;
				MTL_ENABLE_DEBUG_INFO = YES;
				ONLY_ACTIVE_ARCH = YES;
				SDKROOT = iphoneos;
				SWIFT_ACTIVE_COMPILATION_CONDITIONS = DEBUG;
				SWIFT_OPTIMIZATION_LEVEL = "-Onone";
				TARGETED_DEVICE_FAMILY = "1,2";
			};
			name = Debug;
		};
		DF1803B31DF9B177003D1497 /* Release */ = {
			isa = XCBuildConfiguration;
			buildSettings = {
				ALWAYS_SEARCH_USER_PATHS = NO;
				CLANG_ANALYZER_NONNULL = YES;
				CLANG_CXX_LANGUAGE_STANDARD = "gnu++0x";
				CLANG_CXX_LIBRARY = "libc++";
				CLANG_ENABLE_MODULES = YES;
				CLANG_ENABLE_OBJC_ARC = YES;
				CLANG_WARN_BOOL_CONVERSION = YES;
				CLANG_WARN_CONSTANT_CONVERSION = YES;
				CLANG_WARN_DIRECT_OBJC_ISA_USAGE = YES_ERROR;
				CLANG_WARN_DOCUMENTATION_COMMENTS = YES;
				CLANG_WARN_EMPTY_BODY = YES;
				CLANG_WARN_ENUM_CONVERSION = YES;
				CLANG_WARN_INFINITE_RECURSION = YES;
				CLANG_WARN_INT_CONVERSION = YES;
				CLANG_WARN_OBJC_ROOT_CLASS = YES_ERROR;
				CLANG_WARN_SUSPICIOUS_MOVES = YES;
				CLANG_WARN_UNREACHABLE_CODE = YES;
				CLANG_WARN__DUPLICATE_METHOD_MATCH = YES;
				"CODE_SIGN_IDENTITY[sdk=iphoneos*]" = "iPhone Developer";
				COPY_PHASE_STRIP = NO;
				DEBUG_INFORMATION_FORMAT = "dwarf-with-dsym";
				ENABLE_NS_ASSERTIONS = NO;
				ENABLE_STRICT_OBJC_MSGSEND = YES;
				GCC_C_LANGUAGE_STANDARD = gnu99;
				GCC_NO_COMMON_BLOCKS = YES;
				GCC_WARN_64_TO_32_BIT_CONVERSION = YES;
				GCC_WARN_ABOUT_RETURN_TYPE = YES_ERROR;
				GCC_WARN_UNDECLARED_SELECTOR = YES;
				GCC_WARN_UNINITIALIZED_AUTOS = YES_AGGRESSIVE;
				GCC_WARN_UNUSED_FUNCTION = YES;
				GCC_WARN_UNUSED_VARIABLE = YES;
				IPHONEOS_DEPLOYMENT_TARGET = 10.1;
				MTL_ENABLE_DEBUG_INFO = NO;
				SDKROOT = iphoneos;
				SWIFT_OPTIMIZATION_LEVEL = "-Owholemodule";
				TARGETED_DEVICE_FAMILY = "1,2";
				VALIDATE_PRODUCT = YES;
			};
			name = Release;
		};
		DF1803B51DF9B177003D1497 /* Debug */ = {
			isa = XCBuildConfiguration;
			buildSettings = {
				ASSETCATALOG_COMPILER_APPICON_NAME = AppIcon;
				INFOPLIST_FILE = "Pitch Perfect/Info.plist";
				LD_RUNPATH_SEARCH_PATHS = "$(inherited) @executable_path/Frameworks";
				PRODUCT_BUNDLE_IDENTIFIER = "Udacity.Pitch-Perfect";
				PRODUCT_NAME = "$(TARGET_NAME)";
				SWIFT_VERSION = 3.0;
			};
			name = Debug;
		};
		DF1803B61DF9B177003D1497 /* Release */ = {
			isa = XCBuildConfiguration;
			buildSettings = {
				ASSETCATALOG_COMPILER_APPICON_NAME = AppIcon;
				INFOPLIST_FILE = "Pitch Perfect/Info.plist";
				LD_RUNPATH_SEARCH_PATHS = "$(inherited) @executable_path/Frameworks";
				PRODUCT_BUNDLE_IDENTIFIER = "Udacity.Pitch-Perfect";
				PRODUCT_NAME = "$(TARGET_NAME)";
				SWIFT_VERSION = 3.0;
			};
			name = Release;
		};
/* End XCBuildConfiguration section */

/* Begin XCConfigurationList section */
		DF18039D1DF9B177003D1497 /* Build configuration list for PBXProject "Pitch Perfect" */ = {
			isa = XCConfigurationList;
			buildConfigurations = (
				DF1803B21DF9B177003D1497 /* Debug */,
				DF1803B31DF9B177003D1497 /* Release */,
			);
			defaultConfigurationIsVisible = 0;
			defaultConfigurationName = Release;
		};
		DF1803B41DF9B177003D1497 /* Build configuration list for PBXNativeTarget "Pitch Perfect" */ = {
			isa = XCConfigurationList;
			buildConfigurations = (
				DF1803B51DF9B177003D1497 /* Debug */,
				DF1803B61DF9B177003D1497 /* Release */,
			);
			defaultConfigurationIsVisible = 0;
			defaultConfigurationName = Release;
		};
/* End XCConfigurationList section */
	};
	rootObject = DF18039A1DF9B177003D1497 /* Project object */;
}
