// !$*UTF8*$!
{
	archiveVersion = 1;
	classes = {
	};
	objectVersion = 46;
	objects = {

/* Begin PBXBuildFile section */
		DF105DB71E45F04000752747 /* AppDelegate.swift in Sources */ = {isa = PBXBuildFile; fileRef = DF105DB61E45F04000752747 /* AppDelegate.swift */; };
		DF105DB91E45F04000752747 /* ViewController.swift in Sources */ = {isa = PBXBuildFile; fileRef = DF105DB81E45F04000752747 /* ViewController.swift */; };
		DF105DBE1E45F04000752747 /* Main.storyboard in Resources */ = {isa = PBXBuildFile; fileRef = DF105DBC1E45F04000752747 /* Main.storyboard */; };
		DF105DC01E45F04000752747 /* Assets.xcassets in Resources */ = {isa = PBXBuildFile; fileRef = DF105DBF1E45F04000752747 /* Assets.xcassets */; };
		DF105DC31E45F04000752747 /* LaunchScreen.storyboard in Resources */ = {isa = PBXBuildFile; fileRef = DF105DC11E45F04000752747 /* LaunchScreen.storyboard */; };
		DF3AE50A1E4CE2DC00262AF7 /* Villain.swift in Sources */ = {isa = PBXBuildFile; fileRef = DF3AE5091E4CE2DC00262AF7 /* Villain.swift */; };
/* End PBXBuildFile section */

/* Begin PBXFileReference section */
		DF105DB31E45F04000752747 /* Bulletin.app */ = {isa = PBXFileReference; explicitFileType = wrapper.application; includeInIndex = 0; path = Bulletin.app; sourceTree = BUILT_PRODUCTS_DIR; };
		DF105DB61E45F04000752747 /* AppDelegate.swift */ = {isa = PBXFileReference; lastKnownFileType = sourcecode.swift; path = AppDelegate.swift; sourceTree = "<group>"; };
		DF105DB81E45F04000752747 /* ViewController.swift */ = {isa = PBXFileReference; lastKnownFileType = sourcecode.swift; path = ViewController.swift; sourceTree = "<group>"; };
		DF105DBD1E45F04000752747 /* Base */ = {isa = PBXFileReference; lastKnownFileType = file.storyboard; name = Base; path = Base.lproj/Main.storyboard; sourceTree = "<group>"; };
		DF105DBF1E45F04000752747 /* Assets.xcassets */ = {isa = PBXFileReference; lastKnownFileType = folder.assetcatalog; path = Assets.xcassets; sourceTree = "<group>"; };
		DF105DC21E45F04000752747 /* Base */ = {isa = PBXFileReference; lastKnownFileType = file.storyboard; name = Base; path = Base.lproj/LaunchScreen.storyboard; sourceTree = "<group>"; };
		DF105DC41E45F04000752747 /* Info.plist */ = {isa = PBXFileReference; lastKnownFileType = text.plist.xml; path = Info.plist; sourceTree = "<group>"; };
		DF3AE5091E4CE2DC00262AF7 /* Villain.swift */ = {isa = PBXFileReference; fileEncoding = 4; lastKnownFileType = sourcecode.swift; path = Villain.swift; sourceTree = "<group>"; };
/* End PBXFileReference section */

/* Begin PBXFrameworksBuildPhase section */
		DF105DB01E45F04000752747 /* Frameworks */ = {
			isa = PBXFrameworksBuildPhase;
			buildActionMask = 2147483647;
			files = (
			);
			runOnlyForDeploymentPostprocessing = 0;
		};
/* End PBXFrameworksBuildPhase section */

/* Begin PBXGroup section */
		DF105DAA1E45F04000752747 = {
			isa = PBXGroup;
			children = (
				DF105DB51E45F04000752747 /* Bulletin */,
				DF105DB41E45F04000752747 /* Products */,
			);
			sourceTree = "<group>";
		};
		DF105DB41E45F04000752747 /* Products */ = {
			isa = PBXGroup;
			children = (
				DF105DB31E45F04000752747 /* Bulletin.app */,
			);
			name = Products;
			sourceTree = "<group>";
		};
		DF105DB51E45F04000752747 /* Bulletin */ = {
			isa = PBXGroup;
			children = (
				DF105DB61E45F04000752747 /* AppDelegate.swift */,
				DF3AE5091E4CE2DC00262AF7 /* Villain.swift */,
				DF105DB81E45F04000752747 /* ViewController.swift */,
				DF105DBC1E45F04000752747 /* Main.storyboard */,
				DF105DBF1E45F04000752747 /* Assets.xcassets */,
				DF105DC11E45F04000752747 /* LaunchScreen.storyboard */,
				DF105DC41E45F04000752747 /* Info.plist */,
			);
			path = Bulletin;
			sourceTree = "<group>";
		};
/* End PBXGroup section */

/* Begin PBXNativeTarget section */
		DF105DB21E45F04000752747 /* Bulletin */ = {
			isa = PBXNativeTarget;
			buildConfigurationList = DF105DC71E45F04000752747 /* Build configuration list for PBXNativeTarget "Bulletin" */;
			buildPhases = (
				DF105DAF1E45F04000752747 /* Sources */,
				DF105DB01E45F04000752747 /* Frameworks */,
				DF105DB11E45F04000752747 /* Resources */,
			);
			buildRules = (
			);
			dependencies = (
			);
			name = Bulletin;
			productName = Bulletin;
			productReference = DF105DB31E45F04000752747 /* Bulletin.app */;
			productType = "com.apple.product-type.application";
		};
/* End PBXNativeTarget section */

/* Begin PBXProject section */
		DF105DAB1E45F04000752747 /* Project object */ = {
			isa = PBXProject;
			attributes = {
				LastSwiftUpdateCheck = 0810;
				LastUpgradeCheck = 0810;
				ORGANIZATIONNAME = "Anurita Srivastava";
				TargetAttributes = {
					DF105DB21E45F04000752747 = {
						CreatedOnToolsVersion = 8.1;
						DevelopmentTeam = M9Y5D22U5C;
						ProvisioningStyle = Automatic;
					};
				};
			};
			buildConfigurationList = DF105DAE1E45F04000752747 /* Build configuration list for PBXProject "Bulletin" */;
			compatibilityVersion = "Xcode 3.2";
			developmentRegion = English;
			hasScannedForEncodings = 0;
			knownRegions = (
				en,
				Base,
			);
			mainGroup = DF105DAA1E45F04000752747;
			productRefGroup = DF105DB41E45F04000752747 /* Products */;
			projectDirPath = "";
			projectRoot = "";
			targets = (
				DF105DB21E45F04000752747 /* Bulletin */,
			);
		};
/* End PBXProject section */

/* Begin PBXResourcesBuildPhase section */
		DF105DB11E45F04000752747 /* Resources */ = {
			isa = PBXResourcesBuildPhase;
			buildActionMask = 2147483647;
			files = (
				DF105DC31E45F04000752747 /* LaunchScreen.storyboard in Resources */,
				DF105DC01E45F04000752747 /* Assets.xcassets in Resources */,
				DF105DBE1E45F04000752747 /* Main.storyboard in Resources */,
			);
			runOnlyForDeploymentPostprocessing = 0;
		};
/* End PBXResourcesBuildPhase section */

/* Begin PBXSourcesBuildPhase section */
		DF105DAF1E45F04000752747 /* Sources */ = {
			isa = PBXSourcesBuildPhase;
			buildActionMask = 2147483647;
			files = (
				DF105DB71E45F04000752747 /* AppDelegate.swift in Sources */,
				DF105DB91E45F04000752747 /* ViewController.swift in Sources */,
				DF3AE50A1E4CE2DC00262AF7 /* Villain.swift in Sources */,
			);
			runOnlyForDeploymentPostprocessing = 0;
		};
/* End PBXSourcesBuildPhase section */

/* Begin PBXVariantGroup section */
		DF105DBC1E45F04000752747 /* Main.storyboard */ = {
			isa = PBXVariantGroup;
			children = (
				DF105DBD1E45F04000752747 /* Base */,
			);
			name = Main.storyboard;
			sourceTree = "<group>";
		};
		DF105DC11E45F04000752747 /* LaunchScreen.storyboard */ = {
			isa = PBXVariantGroup;
			children = (
				DF105DC21E45F04000752747 /* Base */,
			);
			name = LaunchScreen.storyboard;
			sourceTree = "<group>";
		};
/* End PBXVariantGroup section */

/* Begin XCBuildConfiguration section */
		DF105DC51E45F04000752747 /* Debug */ = {
			isa = XCBuildConfiguration;
			buildSettings = {
				ALWAYS_SEARCH_USER_PATHS = NO;
				CLANG_ANALYZER_NONNULL = YES;
				CLANG_CXX_LANGUAGE_STANDARD = "gnu++0x";
				CLANG_CXX_LIBRARY = "libc++";
				CLANG_ENABLE_MODULES = YES;
				CLANG_ENABLE_OBJC_ARC = YES;
				CLANG_WARN_BOOL_CONVERSION = YES;
				CLANG_WARN_CONSTANT_CONVERSION = YES;
				CLANG_WARN_DIRECT_OBJC_ISA_USAGE = YES_ERROR;
				CLANG_WARN_DOCUMENTATION_COMMENTS = YES;
				CLANG_WARN_EMPTY_BODY = YES;
				CLANG_WARN_ENUM_CONVERSION = YES;
				CLANG_WARN_INFINITE_RECURSION = YES;
				CLANG_WARN_INT_CONVERSION = YES;
				CLANG_WARN_OBJC_ROOT_CLASS = YES_ERROR;
				CLANG_WARN_SUSPICIOUS_MOVES = YES;
				CLANG_WARN_UNREACHABLE_CODE = YES;
				CLANG_WARN__DUPLICATE_METHOD_MATCH = YES;
				"CODE_SIGN_IDENTITY[sdk=iphoneos*]" = "iPhone Developer";
				COPY_PHASE_STRIP = NO;
				DEBUG_INFORMATION_FORMAT = dwarf;
				ENABLE_STRICT_OBJC_MSGSEND = YES;
				ENABLE_TESTABILITY = YES;
				GCC_C_LANGUAGE_STANDARD = gnu99;
				GCC_DYNAMIC_NO_PIC = NO;
				GCC_NO_COMMON_BLOCKS = YES;
				GCC_OPTIMIZATION_LEVEL = 0;
				GCC_PREPROCESSOR_DEFINITIONS = (
					"DEBUG=1",
					"$(inherited)",
				);
				GCC_WARN_64_TO_32_BIT_CONVERSION = YES;
				GCC_WARN_ABOUT_RETURN_TYPE = YES_ERROR;
				GCC_WARN_UNDECLARED_SELECTOR = YES;
				GCC_WARN_UNINITIALIZED_AUTOS = YES_AGGRESSIVE;
				GCC_WARN_UNUSED_FUNCTION = YES;
				GCC_WARN_UNUSED_VARIABLE = YES;
				IPHONEOS_DEPLOYMENT_TARGET = 10.1;
				MTL_ENABLE_DEBUG_INFO = YES;
				ONLY_ACTIVE_ARCH = YES;
				SDKROOT = iphoneos;
				SWIFT_ACTIVE_COMPILATION_CONDITIONS = DEBUG;
				SWIFT_OPTIMIZATION_LEVEL = "-Onone";
				TARGETED_DEVICE_FAMILY = "1,2";
			};
			name = Debug;
		};
		DF105DC61E45F04000752747 /* Release */ = {
			isa = XCBuildConfiguration;
			buildSettings = {
				ALWAYS_SEARCH_USER_PATHS = NO;
				CLANG_ANALYZER_NONNULL = YES;
				CLANG_CXX_LANGUAGE_STANDARD = "gnu++0x";
				CLANG_CXX_LIBRARY = "libc++";
				CLANG_ENABLE_MODULES = YES;
				CLANG_ENABLE_OBJC_ARC = YES;
				CLANG_WARN_BOOL_CONVERSION = YES;
				CLANG_WARN_CONSTANT_CONVERSION = YES;
				CLANG_WARN_DIRECT_OBJC_ISA_USAGE = YES_ERROR;
				CLANG_WARN_DOCUMENTATION_COMMENTS = YES;
				CLANG_WARN_EMPTY_BODY = YES;
				CLANG_WARN_ENUM_CONVERSION = YES;
				CLANG_WARN_INFINITE_RECURSION = YES;
				CLANG_WARN_INT_CONVERSION = YES;
				CLANG_WARN_OBJC_ROOT_CLASS = YES_ERROR;
				CLANG_WARN_SUSPICIOUS_MOVES = YES;
				CLANG_WARN_UNREACHABLE_CODE = YES;
				CLANG_WARN__DUPLICATE_METHOD_MATCH = YES;
				"CODE_SIGN_IDENTITY[sdk=iphoneos*]" = "iPhone Developer";
				COPY_PHASE_STRIP = NO;
				DEBUG_INFORMATION_FORMAT = "dwarf-with-dsym";
				ENABLE_NS_ASSERTIONS = NO;
				ENABLE_STRICT_OBJC_MSGSEND = YES;
				GCC_C_LANGUAGE_STANDARD = gnu99;
				GCC_NO_COMMON_BLOCKS = YES;
				GCC_WARN_64_TO_32_BIT_CONVERSION = YES;
				GCC_WARN_ABOUT_RETURN_TYPE = YES_ERROR;
				GCC_WARN_UNDECLARED_SELECTOR = YES;
				GCC_WARN_UNINITIALIZED_AUTOS = YES_AGGRESSIVE;
				GCC_WARN_UNUSED_FUNCTION = YES;
				GCC_WARN_UNUSED_VARIABLE = YES;
				IPHONEOS_DEPLOYMENT_TARGET = 10.1;
				MTL_ENABLE_DEBUG_INFO = NO;
				SDKROOT = iphoneos;
				SWIFT_OPTIMIZATION_LEVEL = "-Owholemodule";
				TARGETED_DEVICE_FAMILY = "1,2";
				VALIDATE_PRODUCT = YES;
			};
			name = Release;
		};
		DF105DC81E45F04000752747 /* Debug */ = {
			isa = XCBuildConfiguration;
			buildSettings = {
				ASSETCATALOG_COMPILER_APPICON_NAME = AppIcon;
				DEVELOPMENT_TEAM = M9Y5D22U5C;
				INFOPLIST_FILE = Bulletin/Info.plist;
				LD_RUNPATH_SEARCH_PATHS = "$(inherited) @executable_path/Frameworks";
				PRODUCT_BUNDLE_IDENTIFIER = Udacity.Bulletin;
				PRODUCT_NAME = "$(TARGET_NAME)";
				SWIFT_VERSION = 3.0;
			};
			name = Debug;
		};
		DF105DC91E45F04000752747 /* Release */ = {
			isa = XCBuildConfiguration;
			buildSettings = {
				ASSETCATALOG_COMPILER_APPICON_NAME = AppIcon;
				DEVELOPMENT_TEAM = M9Y5D22U5C;
				INFOPLIST_FILE = Bulletin/Info.plist;
				LD_RUNPATH_SEARCH_PATHS = "$(inherited) @executable_path/Frameworks";
				PRODUCT_BUNDLE_IDENTIFIER = Udacity.Bulletin;
				PRODUCT_NAME = "$(TARGET_NAME)";
				SWIFT_VERSION = 3.0;
			};
			name = Release;
		};
/* End XCBuildConfiguration section */

/* Begin XCConfigurationList section */
		DF105DAE1E45F04000752747 /* Build configuration list for PBXProject "Bulletin" */ = {
			isa = XCConfigurationList;
			buildConfigurations = (
				DF105DC51E45F04000752747 /* Debug */,
				DF105DC61E45F04000752747 /* Release */,
			);
			defaultConfigurationIsVisible = 0;
			defaultConfigurationName = Release;
		};
		DF105DC71E45F04000752747 /* Build configuration list for PBXNativeTarget "Bulletin" */ = {
			isa = XCConfigurationList;
			buildConfigurations = (
				DF105DC81E45F04000752747 /* Debug */,
				DF105DC91E45F04000752747 /* Release */,
			);
			defaultConfigurationIsVisible = 0;
			defaultConfigurationName = Release;
		};
/* End XCConfigurationList section */
	};
	rootObject = DF105DAB1E45F04000752747 /* Project object */;
}
