// !$*UTF8*$!
{
	archiveVersion = 1;
	classes = {
	};
	objectVersion = 46;
	objects = {

/* Begin PBXBuildFile section */
		DFFC5AF51E5B617200A10135 /* AppDelegate.swift in Sources */ = {isa = PBXBuildFile; fileRef = DFFC5AF41E5B617200A10135 /* AppDelegate.swift */; };
		DFFC5AF71E5B617200A10135 /* ViewController.swift in Sources */ = {isa = PBXBuildFile; fileRef = DFFC5AF61E5B617200A10135 /* ViewController.swift */; };
		DFFC5AFA1E5B617200A10135 /* Main.storyboard in Resources */ = {isa = PBXBuildFile; fileRef = DFFC5AF81E5B617200A10135 /* Main.storyboard */; };
		DFFC5AFD1E5B617200A10135 /* Music.xcdatamodeld in Sources */ = {isa = PBXBuildFile; fileRef = DFFC5AFB1E5B617200A10135 /* Music.xcdatamodeld */; };
		DFFC5AFF1E5B617200A10135 /* Assets.xcassets in Resources */ = {isa = PBXBuildFile; fileRef = DFFC5AFE1E5B617200A10135 /* Assets.xcassets */; };
		DFFC5B021E5B617200A10135 /* LaunchScreen.storyboard in Resources */ = {isa = PBXBuildFile; fileRef = DFFC5B001E5B617200A10135 /* LaunchScreen.storyboard */; };
		DFFC5B0A1E5B638300A10135 /* MusicViewController.swift in Sources */ = {isa = PBXBuildFile; fileRef = DFFC5B091E5B638300A10135 /* MusicViewController.swift */; };
		DFFC5B0C1E5B6A7500A10135 /* Harry Potter.mp3 in Resources */ = {isa = PBXBuildFile; fileRef = DFFC5B0B1E5B6A7500A10135 /* Harry Potter.mp3 */; };
/* End PBXBuildFile section */

/* Begin PBXFileReference section */
		DFFC5AF11E5B617200A10135 /* Music.app */ = {isa = PBXFileReference; explicitFileType = wrapper.application; includeInIndex = 0; path = Music.app; sourceTree = BUILT_PRODUCTS_DIR; };
		DFFC5AF41E5B617200A10135 /* AppDelegate.swift */ = {isa = PBXFileReference; lastKnownFileType = sourcecode.swift; path = AppDelegate.swift; sourceTree = "<group>"; };
		DFFC5AF61E5B617200A10135 /* ViewController.swift */ = {isa = PBXFileReference; lastKnownFileType = sourcecode.swift; path = ViewController.swift; sourceTree = "<group>"; };
		DFFC5AF91E5B617200A10135 /* Base */ = {isa = PBXFileReference; lastKnownFileType = file.storyboard; name = Base; path = Base.lproj/Main.storyboard; sourceTree = "<group>"; };
		DFFC5AFC1E5B617200A10135 /* Music.xcdatamodel */ = {isa = PBXFileReference; lastKnownFileType = wrapper.xcdatamodel; path = Music.xcdatamodel; sourceTree = "<group>"; };
		DFFC5AFE1E5B617200A10135 /* Assets.xcassets */ = {isa = PBXFileReference; lastKnownFileType = folder.assetcatalog; path = Assets.xcassets; sourceTree = "<group>"; };
		DFFC5B011E5B617200A10135 /* Base */ = {isa = PBXFileReference; lastKnownFileType = file.storyboard; name = Base; path = Base.lproj/LaunchScreen.storyboard; sourceTree = "<group>"; };
		DFFC5B031E5B617200A10135 /* Info.plist */ = {isa = PBXFileReference; lastKnownFileType = text.plist.xml; path = Info.plist; sourceTree = "<group>"; };
		DFFC5B091E5B638300A10135 /* MusicViewController.swift */ = {isa = PBXFileReference; fileEncoding = 4; lastKnownFileType = sourcecode.swift; path = MusicViewController.swift; sourceTree = "<group>"; };
		DFFC5B0B1E5B6A7500A10135 /* Harry Potter.mp3 */ = {isa = PBXFileReference; lastKnownFileType = audio.mp3; path = "Harry Potter.mp3"; sourceTree = "<group>"; };
/* End PBXFileReference section */

/* Begin PBXFrameworksBuildPhase section */
		DFFC5AEE1E5B617200A10135 /* Frameworks */ = {
			isa = PBXFrameworksBuildPhase;
			buildActionMask = 2147483647;
			files = (
			);
			runOnlyForDeploymentPostprocessing = 0;
		};
/* End PBXFrameworksBuildPhase section */

/* Begin PBXGroup section */
		DFFC5AE81E5B617200A10135 = {
			isa = PBXGroup;
			children = (
				DFFC5AF31E5B617200A10135 /* Music */,
				DFFC5AF21E5B617200A10135 /* Products */,
			);
			sourceTree = "<group>";
		};
		DFFC5AF21E5B617200A10135 /* Products */ = {
			isa = PBXGroup;
			children = (
				DFFC5AF11E5B617200A10135 /* Music.app */,
			);
			name = Products;
			sourceTree = "<group>";
		};
		DFFC5AF31E5B617200A10135 /* Music */ = {
			isa = PBXGroup;
			children = (
				DFFC5AF41E5B617200A10135 /* AppDelegate.swift */,
				DFFC5AF61E5B617200A10135 /* ViewController.swift */,
				DFFC5B091E5B638300A10135 /* MusicViewController.swift */,
				DFFC5AF81E5B617200A10135 /* Main.storyboard */,
				DFFC5AFE1E5B617200A10135 /* Assets.xcassets */,
				DFFC5B001E5B617200A10135 /* LaunchScreen.storyboard */,
				DFFC5B0B1E5B6A7500A10135 /* Harry Potter.mp3 */,
				DFFC5B031E5B617200A10135 /* Info.plist */,
				DFFC5AFB1E5B617200A10135 /* Music.xcdatamodeld */,
			);
			path = Music;
			sourceTree = "<group>";
		};
/* End PBXGroup section */

/* Begin PBXNativeTarget section */
		DFFC5AF01E5B617200A10135 /* Music */ = {
			isa = PBXNativeTarget;
			buildConfigurationList = DFFC5B061E5B617200A10135 /* Build configuration list for PBXNativeTarget "Music" */;
			buildPhases = (
				DFFC5AED1E5B617200A10135 /* Sources */,
				DFFC5AEE1E5B617200A10135 /* Frameworks */,
				DFFC5AEF1E5B617200A10135 /* Resources */,
			);
			buildRules = (
			);
			dependencies = (
			);
			name = Music;
			productName = Music;
			productReference = DFFC5AF11E5B617200A10135 /* Music.app */;
			productType = "com.apple.product-type.application";
		};
/* End PBXNativeTarget section */

/* Begin PBXProject section */
		DFFC5AE91E5B617200A10135 /* Project object */ = {
			isa = PBXProject;
			attributes = {
				LastSwiftUpdateCheck = 0810;
				LastUpgradeCheck = 0810;
				ORGANIZATIONNAME = "Anurita Srivastava";
				TargetAttributes = {
					DFFC5AF01E5B617200A10135 = {
						CreatedOnToolsVersion = 8.1;
						DevelopmentTeam = M9Y5D22U5C;
						ProvisioningStyle = Automatic;
					};
				};
			};
			buildConfigurationList = DFFC5AEC1E5B617200A10135 /* Build configuration list for PBXProject "Music" */;
			compatibilityVersion = "Xcode 3.2";
			developmentRegion = English;
			hasScannedForEncodings = 0;
			knownRegions = (
				en,
				Base,
			);
			mainGroup = DFFC5AE81E5B617200A10135;
			productRefGroup = DFFC5AF21E5B617200A10135 /* Products */;
			projectDirPath = "";
			projectRoot = "";
			targets = (
				DFFC5AF01E5B617200A10135 /* Music */,
			);
		};
/* End PBXProject section */

/* Begin PBXResourcesBuildPhase section */
		DFFC5AEF1E5B617200A10135 /* Resources */ = {
			isa = PBXResourcesBuildPhase;
			buildActionMask = 2147483647;
			files = (
				DFFC5B021E5B617200A10135 /* LaunchScreen.storyboard in Resources */,
				DFFC5AFF1E5B617200A10135 /* Assets.xcassets in Resources */,
				DFFC5B0C1E5B6A7500A10135 /* Harry Potter.mp3 in Resources */,
				DFFC5AFA1E5B617200A10135 /* Main.storyboard in Resources */,
			);
			runOnlyForDeploymentPostprocessing = 0;
		};
/* End PBXResourcesBuildPhase section */

/* Begin PBXSourcesBuildPhase section */
		DFFC5AED1E5B617200A10135 /* Sources */ = {
			isa = PBXSourcesBuildPhase;
			buildActionMask = 2147483647;
			files = (
				DFFC5B0A1E5B638300A10135 /* MusicViewController.swift in Sources */,
				DFFC5AF71E5B617200A10135 /* ViewController.swift in Sources */,
				DFFC5AF51E5B617200A10135 /* AppDelegate.swift in Sources */,
				DFFC5AFD1E5B617200A10135 /* Music.xcdatamodeld in Sources */,
			);
			runOnlyForDeploymentPostprocessing = 0;
		};
/* End PBXSourcesBuildPhase section */

/* Begin PBXVariantGroup section */
		DFFC5AF81E5B617200A10135 /* Main.storyboard */ = {
			isa = PBXVariantGroup;
			children = (
				DFFC5AF91E5B617200A10135 /* Base */,
			);
			name = Main.storyboard;
			sourceTree = "<group>";
		};
		DFFC5B001E5B617200A10135 /* LaunchScreen.storyboard */ = {
			isa = PBXVariantGroup;
			children = (
				DFFC5B011E5B617200A10135 /* Base */,
			);
			name = LaunchScreen.storyboard;
			sourceTree = "<group>";
		};
/* End PBXVariantGroup section */

/* Begin XCBuildConfiguration section */
		DFFC5B041E5B617200A10135 /* Debug */ = {
			isa = XCBuildConfiguration;
			buildSettings = {
				ALWAYS_SEARCH_USER_PATHS = NO;
				CLANG_ANALYZER_NONNULL = YES;
				CLANG_CXX_LANGUAGE_STANDARD = "gnu++0x";
				CLANG_CXX_LIBRARY = "libc++";
				CLANG_ENABLE_MODULES = YES;
				CLANG_ENABLE_OBJC_ARC = YES;
				CLANG_WARN_BOOL_CONVERSION = YES;
				CLANG_WARN_CONSTANT_CONVERSION = YES;
				CLANG_WARN_DIRECT_OBJC_ISA_USAGE = YES_ERROR;
				CLANG_WARN_DOCUMENTATION_COMMENTS = YES;
				CLANG_WARN_EMPTY_BODY = YES;
				CLANG_WARN_ENUM_CONVERSION = YES;
				CLANG_WARN_INFINITE_RECURSION = YES;
				CLANG_WARN_INT_CONVERSION = YES;
				CLANG_WARN_OBJC_ROOT_CLASS = YES_ERROR;
				CLANG_WARN_SUSPICIOUS_MOVES = YES;
				CLANG_WARN_UNREACHABLE_CODE = YES;
				CLANG_WARN__DUPLICATE_METHOD_MATCH = YES;
				"CODE_SIGN_IDENTITY[sdk=iphoneos*]" = "iPhone Developer";
				COPY_PHASE_STRIP = NO;
				DEBUG_INFORMATION_FORMAT = dwarf;
				ENABLE_STRICT_OBJC_MSGSEND = YES;
				ENABLE_TESTABILITY = YES;
				GCC_C_LANGUAGE_STANDARD = gnu99;
				GCC_DYNAMIC_NO_PIC = NO;
				GCC_NO_COMMON_BLOCKS = YES;
				GCC_OPTIMIZATION_LEVEL = 0;
				GCC_PREPROCESSOR_DEFINITIONS = (
					"DEBUG=1",
					"$(inherited)",
				);
				GCC_WARN_64_TO_32_BIT_CONVERSION = YES;
				GCC_WARN_ABOUT_RETURN_TYPE = YES_ERROR;
				GCC_WARN_UNDECLARED_SELECTOR = YES;
				GCC_WARN_UNINITIALIZED_AUTOS = YES_AGGRESSIVE;
				GCC_WARN_UNUSED_FUNCTION = YES;
				GCC_WARN_UNUSED_VARIABLE = YES;
				IPHONEOS_DEPLOYMENT_TARGET = 10.1;
				MTL_ENABLE_DEBUG_INFO = YES;
				ONLY_ACTIVE_ARCH = YES;
				SDKROOT = iphoneos;
				SWIFT_ACTIVE_COMPILATION_CONDITIONS = DEBUG;
				SWIFT_OPTIMIZATION_LEVEL = "-Onone";
				TARGETED_DEVICE_FAMILY = "1,2";
			};
			name = Debug;
		};
		DFFC5B051E5B617200A10135 /* Release */ = {
			isa = XCBuildConfiguration;
			buildSettings = {
				ALWAYS_SEARCH_USER_PATHS = NO;
				CLANG_ANALYZER_NONNULL = YES;
				CLANG_CXX_LANGUAGE_STANDARD = "gnu++0x";
				CLANG_CXX_LIBRARY = "libc++";
				CLANG_ENABLE_MODULES = YES;
				CLANG_ENABLE_OBJC_ARC = YES;
				CLANG_WARN_BOOL_CONVERSION = YES;
				CLANG_WARN_CONSTANT_CONVERSION = YES;
				CLANG_WARN_DIRECT_OBJC_ISA_USAGE = YES_ERROR;
				CLANG_WARN_DOCUMENTATION_COMMENTS = YES;
				CLANG_WARN_EMPTY_BODY = YES;
				CLANG_WARN_ENUM_CONVERSION = YES;
				CLANG_WARN_INFINITE_RECURSION = YES;
				CLANG_WARN_INT_CONVERSION = YES;
				CLANG_WARN_OBJC_ROOT_CLASS = YES_ERROR;
				CLANG_WARN_SUSPICIOUS_MOVES = YES;
				CLANG_WARN_UNREACHABLE_CODE = YES;
				CLANG_WARN__DUPLICATE_METHOD_MATCH = YES;
				"CODE_SIGN_IDENTITY[sdk=iphoneos*]" = "iPhone Developer";
				COPY_PHASE_STRIP = NO;
				DEBUG_INFORMATION_FORMAT = "dwarf-with-dsym";
				ENABLE_NS_ASSERTIONS = NO;
				ENABLE_STRICT_OBJC_MSGSEND = YES;
				GCC_C_LANGUAGE_STANDARD = gnu99;
				GCC_NO_COMMON_BLOCKS = YES;
				GCC_WARN_64_TO_32_BIT_CONVERSION = YES;
				GCC_WARN_ABOUT_RETURN_TYPE = YES_ERROR;
				GCC_WARN_UNDECLARED_SELECTOR = YES;
				GCC_WARN_UNINITIALIZED_AUTOS = YES_AGGRESSIVE;
				GCC_WARN_UNUSED_FUNCTION = YES;
				GCC_WARN_UNUSED_VARIABLE = YES;
				IPHONEOS_DEPLOYMENT_TARGET = 10.1;
				MTL_ENABLE_DEBUG_INFO = NO;
				SDKROOT = iphoneos;
				SWIFT_OPTIMIZATION_LEVEL = "-Owholemodule";
				TARGETED_DEVICE_FAMILY = "1,2";
				VALIDATE_PRODUCT = YES;
			};
			name = Release;
		};
		DFFC5B071E5B617200A10135 /* Debug */ = {
			isa = XCBuildConfiguration;
			buildSettings = {
				ASSETCATALOG_COMPILER_APPICON_NAME = AppIcon;
				DEVELOPMENT_TEAM = M9Y5D22U5C;
				INFOPLIST_FILE = Music/Info.plist;
				LD_RUNPATH_SEARCH_PATHS = "$(inherited) @executable_path/Frameworks";
				PRODUCT_BUNDLE_IDENTIFIER = Anurita.Music;
				PRODUCT_NAME = "$(TARGET_NAME)";
				SWIFT_VERSION = 3.0;
			};
			name = Debug;
		};
		DFFC5B081E5B617200A10135 /* Release */ = {
			isa = XCBuildConfiguration;
			buildSettings = {
				ASSETCATALOG_COMPILER_APPICON_NAME = AppIcon;
				DEVELOPMENT_TEAM = M9Y5D22U5C;
				INFOPLIST_FILE = Music/Info.plist;
				LD_RUNPATH_SEARCH_PATHS = "$(inherited) @executable_path/Frameworks";
				PRODUCT_BUNDLE_IDENTIFIER = Anurita.Music;
				PRODUCT_NAME = "$(TARGET_NAME)";
				SWIFT_VERSION = 3.0;
			};
			name = Release;
		};
/* End XCBuildConfiguration section */

/* Begin XCConfigurationList section */
		DFFC5AEC1E5B617200A10135 /* Build configuration list for PBXProject "Music" */ = {
			isa = XCConfigurationList;
			buildConfigurations = (
				DFFC5B041E5B617200A10135 /* Debug */,
				DFFC5B051E5B617200A10135 /* Release */,
			);
			defaultConfigurationIsVisible = 0;
			defaultConfigurationName = Release;
		};
		DFFC5B061E5B617200A10135 /* Build configuration list for PBXNativeTarget "Music" */ = {
			isa = XCConfigurationList;
			buildConfigurations = (
				DFFC5B071E5B617200A10135 /* Debug */,
				DFFC5B081E5B617200A10135 /* Release */,
			);
			defaultConfigurationIsVisible = 0;
		};
/* End XCConfigurationList section */

/* Begin XCVersionGroup section */
		DFFC5AFB1E5B617200A10135 /* Music.xcdatamodeld */ = {
			isa = XCVersionGroup;
			children = (
				DFFC5AFC1E5B617200A10135 /* Music.xcdatamodel */,
			);
			currentVersion = DFFC5AFC1E5B617200A10135 /* Music.xcdatamodel */;
			path = Music.xcdatamodeld;
			sourceTree = "<group>";
			versionGroupType = wrapper.xcdatamodel;
		};
/* End XCVersionGroup section */
	};
	rootObject = DFFC5AE91E5B617200A10135 /* Project object */;
}
